github.com/valyala/fastjson v1.5.4 h1:r8gpiVwdzDU09NrlN38OyL5dUFpdwGQR5RQEBqY+hLg=
github.com/valyala/fastjson v1.5.4/go.mod h1:CLCAqky6SMuOcxStkYQvblddUtoRxhYMGLrsQns1aXY=
github.com/valyala/fastjson v1.6.1 h1:qJs/Kz/HebWzk8LmhOrSm7kdOyJBr1XB+zSkYtEEfQE=
github.com/valyala/fastjson v1.6.1/go.mod h1:CLCAqky6SMuOcxStkYQvblddUtoRxhYMGLrsQns1aXY=
github.com/yushaona/gjson v0.0.0-20200819154616-ace0184fba3a h1:qHMI2eQWN8TWmF4dVUbvVlswE9g8/5b47nScgZMG6zY=
github.com/yushaona/gjson v0.0.0-20200819154616-ace0184fba3a/go.mod h1:WRZExMaJDdhtFKSRYSQYRFvtQk6axsY8lyieKuCQ3ig=
gopkg.in/ini.v1 v1.61.0 h1:LBCdW4FmFYL4s/vDZD1RQYX7oAR6IjujCYgMdbHBR10=
gopkg.in/ini.v1 v1.61.0/go.mod h1:pNLf8WUiyNEtQjuu5G5vTm06TEv9tsIgeAvK8hOrP4k=
